# THIS IS AN AUTOGENERATED FILE. DO NOT EDIT THIS FILE DIRECTLY.
# yarn lockfile v1


flow-bin@^0.155.1:
  version "0.155.1"
  resolved "https://registry.nlark.com/flow-bin/download/flow-bin-0.155.1.tgz?cache=0&sync_timestamp=1626484648890&other_urls=https%3A%2F%2Fregistry.nlark.com%2Fflow-bin%2Fdownload%2Fflow-bin-0.155.1.tgz#1263ee3e0f42d11cb13ba56c3851a096213ce5f7"
  integrity sha1-EmPuPg9C0RyxO6VsOFGgliE85fc=
